
Microsoft Visual Studio Solution File, Format Version 12.00
# Visual Studio 15
VisualStudioVersion = 15.0.28307.271
MinimumVisualStudioVersion = 10.0.40219.1
Project("{FAE04EC0-301F-11D3-BF4B-00C04F79EFBC}") = "Raporty Elektronika", "Raporty Elektronika\Raporty Elektronika.csproj", "{E229CA12-BD3E-4342-8D7A-7C93BA9E3DA2}"
EndProject
Project("{FAE04EC0-301F-11D3-BF4B-00C04F79EFBC}") = "MST.MES", "..\MST.MES\MST.MES\MST.MES.csproj", "{3A75370E-11B7-4582-A6AF-73CAF3A9E997}"
EndProject
Global
	GlobalSection(SolutionConfigurationPlatforms) = preSolution
		Debug|Any CPU = Debug|Any CPU
		Release|Any CPU = Release|Any CPU
	EndGlobalSection
	GlobalSection(ProjectConfigurationPlatforms) = postSolution
		{E229CA12-BD3E-4342-8D7A-7C93BA9E3DA2}.Debug|Any CPU.ActiveCfg = Debug|Any CPU
		{E229CA12-BD3E-4342-8D7A-7C93BA9E3DA2}.Debug|Any CPU.Build.0 = Debug|Any CPU
		{E229CA12-BD3E-4342-8D7A-7C93BA9E3DA2}.Release|Any CPU.ActiveCfg = Release|Any CPU
		{E229CA12-BD3E-4342-8D7A-7C93BA9E3DA2}.Release|Any CPU.Build.0 = Release|Any CPU
		{3A75370E-11B7-4582-A6AF-73CAF3A9E997}.Debug|Any CPU.ActiveCfg = Debug|Any CPU
		{3A75370E-11B7-4582-A6AF-73CAF3A9E997}.Debug|Any CPU.Build.0 = Debug|Any CPU
		{3A75370E-11B7-4582-A6AF-73CAF3A9E997}.Release|Any CPU.ActiveCfg = Release|Any CPU
		{3A75370E-11B7-4582-A6AF-73CAF3A9E997}.Release|Any CPU.Build.0 = Release|Any CPU
	EndGlobalSection
	GlobalSection(SolutionProperties) = preSolution
		HideSolutionNode = FALSE
	EndGlobalSection
	GlobalSection(ExtensibilityGlobals) = postSolution
		SolutionGuid = {CE764F4F-FED1-40D2-A27E-8730CA8DE89A}
	EndGlobalSection
EndGlobal
